
Microsoft Visual Studio Solution File, Format Version 12.00
# Visual Studio Version 17
VisualStudioVersion = 17.1.32228.430
MinimumVisualStudioVersion = 10.0.40219.1
Project("{9A19103F-16F7-4668-BE54-9A1E7A4F7556}") = "HandyControlDemo_Net_GE45", "Net_GE45\HandyControlDemo_Net_GE45\HandyControlDemo_Net_GE45.csproj", "{9A7B52E6-94BB-4E7E-BB6A-7CF6761B79A7}"
EndProject
Project("{2150E333-8FDC-42A3-9474-1A3956D46DE8}") = "Net_GE45", "Net_GE45", "{2F551C62-77F7-4FA5-8AD7-FCF53E92AE08}"
EndProject
Project("{2150E333-8FDC-42A3-9474-1A3956D46DE8}") = "Shared", "Shared", "{0938270D-E9F0-489B-AF9E-5C5AD7C69897}"
EndProject
Project("{D954291E-2A0B-460D-934E-DC6B0785DB48}") = "HandyControlDemo_Shared", "Shared\HandyControlDemo_Shared\HandyControlDemo_Shared.shproj", "{C4694269-C9B8-45D5-87F8-D0088C532510}"
EndProject
Project("{2150E333-8FDC-42A3-9474-1A3956D46DE8}") = "Net_40", "Net_40", "{35E3F9C0-8924-4536-BE09-F3761FDBF066}"
EndProject
Project("{9A19103F-16F7-4668-BE54-9A1E7A4F7556}") = "HandyControlDemo_Net_40", "Net_40\HandyControlDemo_Net_40\HandyControlDemo_Net_40.csproj", "{D8AE88F8-C36B-4D10-A7F9-22FFCFBA5231}"
EndProject
Project("{9A19103F-16F7-4668-BE54-9A1E7A4F7556}") = "HandyControlDemo_Code", "Shared\HandyControlDemo_Code\HandyControlDemo_Code.csproj", "{D8A4748C-0500-4F63-BC47-3506658C68F7}"
EndProject
Project("{2150E333-8FDC-42A3-9474-1A3956D46DE8}") = "Solution Items", "Solution Items", "{7F52CFD3-EF6C-4D3C-A9D4-B25BF726382A}"
	ProjectSection(SolutionItems) = preProject
		Directory.Build.Props = Directory.Build.Props
	EndProjectSection
EndProject
Project("{2150E333-8FDC-42A3-9474-1A3956D46DE8}") = "Samples", "Samples", "{F3EA98C4-54A4-476C-95A0-CFFDC20BD9C4}"
EndProject
Project("{2150E333-8FDC-42A3-9474-1A3956D46DE8}") = "Extend_Controls", "Extend_Controls", "{8172AE34-3813-42F2-B935-33BAB9A87AAD}"
EndProject
Project("{FAE04EC0-301F-11D3-BF4B-00C04F79EFBC}") = "DialogDemoCtl", "Samples\Extend_Controls\DialogDemoCtl\DialogDemoCtl.csproj", "{0E325CE2-8A41-4374-87D4-3F1884527B08}"
EndProject
Project("{2150E333-8FDC-42A3-9474-1A3956D46DE8}") = "Basic_Xaml", "Basic_Xaml", "{DBA8F9EF-1335-42FE-B5CC-56279B0D76D0}"
EndProject
Project("{FAE04EC0-301F-11D3-BF4B-00C04F79EFBC}") = "BrushDemoCtl", "Samples\Basic_Xaml\BrushDemoCtl\BrushDemoCtl.csproj", "{95E5985B-A5E1-4F01-86B4-3811E487E581}"
EndProject
Project("{2150E333-8FDC-42A3-9474-1A3956D46DE8}") = "Native_Controls", "Native_Controls", "{10997C39-65FF-4FE0-8466-1122DE46EB6F}"
EndProject
Project("{FAE04EC0-301F-11D3-BF4B-00C04F79EFBC}") = "ButtonDemoCtl", "Samples\Native_Controls\ButtonDemoCtl\ButtonDemoCtl.csproj", "{802633FB-91CC-4473-8D96-6FD84F14AE56}"
EndProject
Project("{FAE04EC0-301F-11D3-BF4B-00C04F79EFBC}") = "BorderDemoCtl", "Samples\Native_Controls\BorderDemoCtl\BorderDemoCtl.csproj", "{1BF4A621-C472-49C4-B33D-D12F24C6418B}"
EndProject
Project("{FAE04EC0-301F-11D3-BF4B-00C04F79EFBC}") = "CalendarDemoCtl", "Samples\Native_Controls\CalendarDemoCtl\CalendarDemoCtl.csproj", "{CDA63C97-7928-4BCE-A870-F0D896FA2227}"
EndProject
Project("{FAE04EC0-301F-11D3-BF4B-00C04F79EFBC}") = "CheckBoxDemoCtl", "Samples\Native_Controls\CheckBoxDemoCtl\CheckBoxDemoCtl.csproj", "{AD9C046C-7F32-4120-834A-5D0138AEB5FE}"
EndProject
Global
	GlobalSection(SolutionConfigurationPlatforms) = preSolution
		Debug|Any CPU = Debug|Any CPU
		Debug-Net40|Any CPU = Debug-Net40|Any CPU
		Release|Any CPU = Release|Any CPU
		Release-Net40|Any CPU = Release-Net40|Any CPU
	EndGlobalSection
	GlobalSection(ProjectConfigurationPlatforms) = postSolution
		{9A7B52E6-94BB-4E7E-BB6A-7CF6761B79A7}.Debug|Any CPU.ActiveCfg = Debug|Any CPU
		{9A7B52E6-94BB-4E7E-BB6A-7CF6761B79A7}.Debug|Any CPU.Build.0 = Debug|Any CPU
		{9A7B52E6-94BB-4E7E-BB6A-7CF6761B79A7}.Debug-Net40|Any CPU.ActiveCfg = Debug|Any CPU
		{9A7B52E6-94BB-4E7E-BB6A-7CF6761B79A7}.Release|Any CPU.ActiveCfg = Release|Any CPU
		{9A7B52E6-94BB-4E7E-BB6A-7CF6761B79A7}.Release|Any CPU.Build.0 = Release|Any CPU
		{9A7B52E6-94BB-4E7E-BB6A-7CF6761B79A7}.Release-Net40|Any CPU.ActiveCfg = Release|Any CPU
		{D8AE88F8-C36B-4D10-A7F9-22FFCFBA5231}.Debug|Any CPU.ActiveCfg = Debug|Any CPU
		{D8AE88F8-C36B-4D10-A7F9-22FFCFBA5231}.Debug-Net40|Any CPU.ActiveCfg = Debug|Any CPU
		{D8AE88F8-C36B-4D10-A7F9-22FFCFBA5231}.Debug-Net40|Any CPU.Build.0 = Debug|Any CPU
		{D8AE88F8-C36B-4D10-A7F9-22FFCFBA5231}.Release|Any CPU.ActiveCfg = Release|Any CPU
		{D8AE88F8-C36B-4D10-A7F9-22FFCFBA5231}.Release-Net40|Any CPU.ActiveCfg = Release|Any CPU
		{D8AE88F8-C36B-4D10-A7F9-22FFCFBA5231}.Release-Net40|Any CPU.Build.0 = Release|Any CPU
		{D8A4748C-0500-4F63-BC47-3506658C68F7}.Debug|Any CPU.ActiveCfg = Debug|Any CPU
		{D8A4748C-0500-4F63-BC47-3506658C68F7}.Debug|Any CPU.Build.0 = Debug|Any CPU
		{D8A4748C-0500-4F63-BC47-3506658C68F7}.Debug-Net40|Any CPU.ActiveCfg = Debug|Any CPU
		{D8A4748C-0500-4F63-BC47-3506658C68F7}.Debug-Net40|Any CPU.Build.0 = Debug|Any CPU
		{D8A4748C-0500-4F63-BC47-3506658C68F7}.Release|Any CPU.ActiveCfg = Release|Any CPU
		{D8A4748C-0500-4F63-BC47-3506658C68F7}.Release|Any CPU.Build.0 = Release|Any CPU
		{D8A4748C-0500-4F63-BC47-3506658C68F7}.Release-Net40|Any CPU.ActiveCfg = Release|Any CPU
		{D8A4748C-0500-4F63-BC47-3506658C68F7}.Release-Net40|Any CPU.Build.0 = Release|Any CPU
		{0E325CE2-8A41-4374-87D4-3F1884527B08}.Debug|Any CPU.ActiveCfg = Debug|Any CPU
		{0E325CE2-8A41-4374-87D4-3F1884527B08}.Debug|Any CPU.Build.0 = Debug|Any CPU
		{0E325CE2-8A41-4374-87D4-3F1884527B08}.Debug-Net40|Any CPU.ActiveCfg = Debug|Any CPU
		{0E325CE2-8A41-4374-87D4-3F1884527B08}.Debug-Net40|Any CPU.Build.0 = Debug|Any CPU
		{0E325CE2-8A41-4374-87D4-3F1884527B08}.Release|Any CPU.ActiveCfg = Release|Any CPU
		{0E325CE2-8A41-4374-87D4-3F1884527B08}.Release|Any CPU.Build.0 = Release|Any CPU
		{0E325CE2-8A41-4374-87D4-3F1884527B08}.Release-Net40|Any CPU.ActiveCfg = Release|Any CPU
		{0E325CE2-8A41-4374-87D4-3F1884527B08}.Release-Net40|Any CPU.Build.0 = Release|Any CPU
		{95E5985B-A5E1-4F01-86B4-3811E487E581}.Debug|Any CPU.ActiveCfg = Debug|Any CPU
		{95E5985B-A5E1-4F01-86B4-3811E487E581}.Debug|Any CPU.Build.0 = Debug|Any CPU
		{95E5985B-A5E1-4F01-86B4-3811E487E581}.Debug-Net40|Any CPU.ActiveCfg = Debug|Any CPU
		{95E5985B-A5E1-4F01-86B4-3811E487E581}.Debug-Net40|Any CPU.Build.0 = Debug|Any CPU
		{95E5985B-A5E1-4F01-86B4-3811E487E581}.Release|Any CPU.ActiveCfg = Release|Any CPU
		{95E5985B-A5E1-4F01-86B4-3811E487E581}.Release|Any CPU.Build.0 = Release|Any CPU
		{95E5985B-A5E1-4F01-86B4-3811E487E581}.Release-Net40|Any CPU.ActiveCfg = Release|Any CPU
		{95E5985B-A5E1-4F01-86B4-3811E487E581}.Release-Net40|Any CPU.Build.0 = Release|Any CPU
		{802633FB-91CC-4473-8D96-6FD84F14AE56}.Debug|Any CPU.ActiveCfg = Debug|Any CPU
		{802633FB-91CC-4473-8D96-6FD84F14AE56}.Debug|Any CPU.Build.0 = Debug|Any CPU
		{802633FB-91CC-4473-8D96-6FD84F14AE56}.Debug-Net40|Any CPU.ActiveCfg = Debug|Any CPU
		{802633FB-91CC-4473-8D96-6FD84F14AE56}.Debug-Net40|Any CPU.Build.0 = Debug|Any CPU
		{802633FB-91CC-4473-8D96-6FD84F14AE56}.Release|Any CPU.ActiveCfg = Release|Any CPU
		{802633FB-91CC-4473-8D96-6FD84F14AE56}.Release|Any CPU.Build.0 = Release|Any CPU
		{802633FB-91CC-4473-8D96-6FD84F14AE56}.Release-Net40|Any CPU.ActiveCfg = Release|Any CPU
		{802633FB-91CC-4473-8D96-6FD84F14AE56}.Release-Net40|Any CPU.Build.0 = Release|Any CPU
		{1BF4A621-C472-49C4-B33D-D12F24C6418B}.Debug|Any CPU.ActiveCfg = Debug|Any CPU
		{1BF4A621-C472-49C4-B33D-D12F24C6418B}.Debug|Any CPU.Build.0 = Debug|Any CPU
		{1BF4A621-C472-49C4-B33D-D12F24C6418B}.Debug-Net40|Any CPU.ActiveCfg = Debug|Any CPU
		{1BF4A621-C472-49C4-B33D-D12F24C6418B}.Debug-Net40|Any CPU.Build.0 = Debug|Any CPU
		{1BF4A621-C472-49C4-B33D-D12F24C6418B}.Release|Any CPU.ActiveCfg = Release|Any CPU
		{1BF4A621-C472-49C4-B33D-D12F24C6418B}.Release|Any CPU.Build.0 = Release|Any CPU
		{1BF4A621-C472-49C4-B33D-D12F24C6418B}.Release-Net40|Any CPU.ActiveCfg = Release|Any CPU
		{1BF4A621-C472-49C4-B33D-D12F24C6418B}.Release-Net40|Any CPU.Build.0 = Release|Any CPU
		{CDA63C97-7928-4BCE-A870-F0D896FA2227}.Debug|Any CPU.ActiveCfg = Debug|Any CPU
		{CDA63C97-7928-4BCE-A870-F0D896FA2227}.Debug|Any CPU.Build.0 = Debug|Any CPU
		{CDA63C97-7928-4BCE-A870-F0D896FA2227}.Debug-Net40|Any CPU.ActiveCfg = Debug|Any CPU
		{CDA63C97-7928-4BCE-A870-F0D896FA2227}.Debug-Net40|Any CPU.Build.0 = Debug|Any CPU
		{CDA63C97-7928-4BCE-A870-F0D896FA2227}.Release|Any CPU.ActiveCfg = Release|Any CPU
		{CDA63C97-7928-4BCE-A870-F0D896FA2227}.Release|Any CPU.Build.0 = Release|Any CPU
		{CDA63C97-7928-4BCE-A870-F0D896FA2227}.Release-Net40|Any CPU.ActiveCfg = Release|Any CPU
		{CDA63C97-7928-4BCE-A870-F0D896FA2227}.Release-Net40|Any CPU.Build.0 = Release|Any CPU
		{AD9C046C-7F32-4120-834A-5D0138AEB5FE}.Debug|Any CPU.ActiveCfg = Debug|Any CPU
		{AD9C046C-7F32-4120-834A-5D0138AEB5FE}.Debug|Any CPU.Build.0 = Debug|Any CPU
		{AD9C046C-7F32-4120-834A-5D0138AEB5FE}.Debug-Net40|Any CPU.ActiveCfg = Debug|Any CPU
		{AD9C046C-7F32-4120-834A-5D0138AEB5FE}.Debug-Net40|Any CPU.Build.0 = Debug|Any CPU
		{AD9C046C-7F32-4120-834A-5D0138AEB5FE}.Release|Any CPU.ActiveCfg = Release|Any CPU
		{AD9C046C-7F32-4120-834A-5D0138AEB5FE}.Release|Any CPU.Build.0 = Release|Any CPU
		{AD9C046C-7F32-4120-834A-5D0138AEB5FE}.Release-Net40|Any CPU.ActiveCfg = Release|Any CPU
		{AD9C046C-7F32-4120-834A-5D0138AEB5FE}.Release-Net40|Any CPU.Build.0 = Release|Any CPU
	EndGlobalSection
	GlobalSection(SolutionProperties) = preSolution
		HideSolutionNode = FALSE
	EndGlobalSection
	GlobalSection(NestedProjects) = preSolution
		{9A7B52E6-94BB-4E7E-BB6A-7CF6761B79A7} = {2F551C62-77F7-4FA5-8AD7-FCF53E92AE08}
		{C4694269-C9B8-45D5-87F8-D0088C532510} = {0938270D-E9F0-489B-AF9E-5C5AD7C69897}
		{D8AE88F8-C36B-4D10-A7F9-22FFCFBA5231} = {35E3F9C0-8924-4536-BE09-F3761FDBF066}
		{D8A4748C-0500-4F63-BC47-3506658C68F7} = {0938270D-E9F0-489B-AF9E-5C5AD7C69897}
		{8172AE34-3813-42F2-B935-33BAB9A87AAD} = {F3EA98C4-54A4-476C-95A0-CFFDC20BD9C4}
		{0E325CE2-8A41-4374-87D4-3F1884527B08} = {8172AE34-3813-42F2-B935-33BAB9A87AAD}
		{DBA8F9EF-1335-42FE-B5CC-56279B0D76D0} = {F3EA98C4-54A4-476C-95A0-CFFDC20BD9C4}
		{95E5985B-A5E1-4F01-86B4-3811E487E581} = {DBA8F9EF-1335-42FE-B5CC-56279B0D76D0}
		{10997C39-65FF-4FE0-8466-1122DE46EB6F} = {F3EA98C4-54A4-476C-95A0-CFFDC20BD9C4}
		{802633FB-91CC-4473-8D96-6FD84F14AE56} = {10997C39-65FF-4FE0-8466-1122DE46EB6F}
		{1BF4A621-C472-49C4-B33D-D12F24C6418B} = {10997C39-65FF-4FE0-8466-1122DE46EB6F}
		{CDA63C97-7928-4BCE-A870-F0D896FA2227} = {10997C39-65FF-4FE0-8466-1122DE46EB6F}
		{AD9C046C-7F32-4120-834A-5D0138AEB5FE} = {10997C39-65FF-4FE0-8466-1122DE46EB6F}
	EndGlobalSection
	GlobalSection(ExtensibilityGlobals) = postSolution
		SolutionGuid = {D4636382-1A18-4079-A3E7-054DD970F179}
	EndGlobalSection
	GlobalSection(SharedMSBuildProjectFiles) = preSolution
		Shared\HandyControlDemo_Shared\HandyControlDemo_Shared.projitems*{9a7b52e6-94bb-4e7e-bb6a-7cf6761b79a7}*SharedItemsImports = 5
		Shared\HandyControlDemo_Shared\HandyControlDemo_Shared.projitems*{c4694269-c9b8-45d5-87f8-d0088c532510}*SharedItemsImports = 13
		Shared\HandyControlDemo_Shared\HandyControlDemo_Shared.projitems*{d8ae88f8-c36b-4d10-a7f9-22ffcfba5231}*SharedItemsImports = 5
	EndGlobalSection
EndGlobal
